
Microsoft Visual Studio Solution File, Format Version 12.00
# Visual Studio 15
VisualStudioVersion = 15.0.26124.0
MinimumVisualStudioVersion = 15.0.26124.0
Project("{2150E333-8FDC-42A3-9474-1A3956D46DE8}") = "src", "src", "{45292F65-9E46-415B-B919-7B7985D31909}"
EndProject
Project("{FAE04EC0-301F-11D3-BF4B-00C04F79EFBC}") = "Ranger.Common", "src\Ranger.Common\Ranger.Common.csproj", "{DA90DA18-B387-43C8-A9B0-333F352937F4}"
EndProject
Project("{FAE04EC0-301F-11D3-BF4B-00C04F79EFBC}") = "Ranger.InternalHttpClient", "src\Ranger.InternalHttpClient\Ranger.InternalHttpClient.csproj", "{8A1DEF3A-AFC2-4E2B-A8BE-29ED729EE0B5}"
EndProject
Project("{FAE04EC0-301F-11D3-BF4B-00C04F79EFBC}") = "Ranger.Monitoring", "src\Ranger.Monitoring\Ranger.Monitoring.csproj", "{87DF6B13-0D4F-4DFB-9B35-9915EEC86057}"
EndProject
Project("{FAE04EC0-301F-11D3-BF4B-00C04F79EFBC}") = "Ranger.RabbitMQ", "src\Ranger.RabbitMQ\Ranger.RabbitMQ.csproj", "{4D0ADA70-3637-4158-9279-85E5FA5152F0}"
EndProject
Project("{FAE04EC0-301F-11D3-BF4B-00C04F79EFBC}") = "Ranger.Redis", "src\Ranger.Redis\Ranger.Redis.csproj", "{9E073592-2D91-4E84-A7F3-23D1008537B9}"
EndProject
Project("{FAE04EC0-301F-11D3-BF4B-00C04F79EFBC}") = "Ranger.Mongo", "src\Ranger.Mongo\Ranger.Mongo.csproj", "{561540E1-91AD-486E-B2DB-065FF4401474}"
EndProject
Project("{2150E333-8FDC-42A3-9474-1A3956D46DE8}") = "test", "test", "{F26DECD9-634F-48F3-AE13-FEA7029E0C8D}"
EndProject
Project("{FAE04EC0-301F-11D3-BF4B-00C04F79EFBC}") = "Ranger.Common.Tests", "test\Ranger.Common.Tests\Ranger.Common.Tests.csproj", "{BB60FE7F-341B-48C8-852D-F6F7A544B6BB}"
EndProject
Project("{FAE04EC0-301F-11D3-BF4B-00C04F79EFBC}") = "Ranger.ApiUtilities", "src\Ranger.ApiUtilities\Ranger.ApiUtilities.csproj", "{D3BB7C1D-8FA3-4806-AE04-E596E4F25180}"
EndProject
Global
	GlobalSection(SolutionConfigurationPlatforms) = preSolution
		Debug|Any CPU = Debug|Any CPU
		Debug|x64 = Debug|x64
		Debug|x86 = Debug|x86
		Release|Any CPU = Release|Any CPU
		Release|x64 = Release|x64
		Release|x86 = Release|x86
	EndGlobalSection
	GlobalSection(SolutionProperties) = preSolution
		HideSolutionNode = FALSE
	EndGlobalSection
	GlobalSection(ProjectConfigurationPlatforms) = postSolution
		{DA90DA18-B387-43C8-A9B0-333F352937F4}.Debug|Any CPU.ActiveCfg = Debug|Any CPU
		{DA90DA18-B387-43C8-A9B0-333F352937F4}.Debug|Any CPU.Build.0 = Debug|Any CPU
		{DA90DA18-B387-43C8-A9B0-333F352937F4}.Debug|x64.ActiveCfg = Debug|Any CPU
		{DA90DA18-B387-43C8-A9B0-333F352937F4}.Debug|x64.Build.0 = Debug|Any CPU
		{DA90DA18-B387-43C8-A9B0-333F352937F4}.Debug|x86.ActiveCfg = Debug|Any CPU
		{DA90DA18-B387-43C8-A9B0-333F352937F4}.Debug|x86.Build.0 = Debug|Any CPU
		{DA90DA18-B387-43C8-A9B0-333F352937F4}.Release|Any CPU.ActiveCfg = Release|Any CPU
		{DA90DA18-B387-43C8-A9B0-333F352937F4}.Release|Any CPU.Build.0 = Release|Any CPU
		{DA90DA18-B387-43C8-A9B0-333F352937F4}.Release|x64.ActiveCfg = Release|Any CPU
		{DA90DA18-B387-43C8-A9B0-333F352937F4}.Release|x64.Build.0 = Release|Any CPU
		{DA90DA18-B387-43C8-A9B0-333F352937F4}.Release|x86.ActiveCfg = Release|Any CPU
		{DA90DA18-B387-43C8-A9B0-333F352937F4}.Release|x86.Build.0 = Release|Any CPU
		{8A1DEF3A-AFC2-4E2B-A8BE-29ED729EE0B5}.Debug|Any CPU.ActiveCfg = Debug|Any CPU
		{8A1DEF3A-AFC2-4E2B-A8BE-29ED729EE0B5}.Debug|Any CPU.Build.0 = Debug|Any CPU
		{8A1DEF3A-AFC2-4E2B-A8BE-29ED729EE0B5}.Debug|x64.ActiveCfg = Debug|Any CPU
		{8A1DEF3A-AFC2-4E2B-A8BE-29ED729EE0B5}.Debug|x64.Build.0 = Debug|Any CPU
		{8A1DEF3A-AFC2-4E2B-A8BE-29ED729EE0B5}.Debug|x86.ActiveCfg = Debug|Any CPU
		{8A1DEF3A-AFC2-4E2B-A8BE-29ED729EE0B5}.Debug|x86.Build.0 = Debug|Any CPU
		{8A1DEF3A-AFC2-4E2B-A8BE-29ED729EE0B5}.Release|Any CPU.ActiveCfg = Release|Any CPU
		{8A1DEF3A-AFC2-4E2B-A8BE-29ED729EE0B5}.Release|Any CPU.Build.0 = Release|Any CPU
		{8A1DEF3A-AFC2-4E2B-A8BE-29ED729EE0B5}.Release|x64.ActiveCfg = Release|Any CPU
		{8A1DEF3A-AFC2-4E2B-A8BE-29ED729EE0B5}.Release|x64.Build.0 = Release|Any CPU
		{8A1DEF3A-AFC2-4E2B-A8BE-29ED729EE0B5}.Release|x86.ActiveCfg = Release|Any CPU
		{8A1DEF3A-AFC2-4E2B-A8BE-29ED729EE0B5}.Release|x86.Build.0 = Release|Any CPU
		{87DF6B13-0D4F-4DFB-9B35-9915EEC86057}.Debug|Any CPU.ActiveCfg = Debug|Any CPU
		{87DF6B13-0D4F-4DFB-9B35-9915EEC86057}.Debug|Any CPU.Build.0 = Debug|Any CPU
		{87DF6B13-0D4F-4DFB-9B35-9915EEC86057}.Debug|x64.ActiveCfg = Debug|Any CPU
		{87DF6B13-0D4F-4DFB-9B35-9915EEC86057}.Debug|x64.Build.0 = Debug|Any CPU
		{87DF6B13-0D4F-4DFB-9B35-9915EEC86057}.Debug|x86.ActiveCfg = Debug|Any CPU
		{87DF6B13-0D4F-4DFB-9B35-9915EEC86057}.Debug|x86.Build.0 = Debug|Any CPU
		{87DF6B13-0D4F-4DFB-9B35-9915EEC86057}.Release|Any CPU.ActiveCfg = Release|Any CPU
		{87DF6B13-0D4F-4DFB-9B35-9915EEC86057}.Release|Any CPU.Build.0 = Release|Any CPU
		{87DF6B13-0D4F-4DFB-9B35-9915EEC86057}.Release|x64.ActiveCfg = Release|Any CPU
		{87DF6B13-0D4F-4DFB-9B35-9915EEC86057}.Release|x64.Build.0 = Release|Any CPU
		{87DF6B13-0D4F-4DFB-9B35-9915EEC86057}.Release|x86.ActiveCfg = Release|Any CPU
		{87DF6B13-0D4F-4DFB-9B35-9915EEC86057}.Release|x86.Build.0 = Release|Any CPU
		{4D0ADA70-3637-4158-9279-85E5FA5152F0}.Debug|Any CPU.ActiveCfg = Debug|Any CPU
		{4D0ADA70-3637-4158-9279-85E5FA5152F0}.Debug|Any CPU.Build.0 = Debug|Any CPU
		{4D0ADA70-3637-4158-9279-85E5FA5152F0}.Debug|x64.ActiveCfg = Debug|Any CPU
		{4D0ADA70-3637-4158-9279-85E5FA5152F0}.Debug|x64.Build.0 = Debug|Any CPU
		{4D0ADA70-3637-4158-9279-85E5FA5152F0}.Debug|x86.ActiveCfg = Debug|Any CPU
		{4D0ADA70-3637-4158-9279-85E5FA5152F0}.Debug|x86.Build.0 = Debug|Any CPU
		{4D0ADA70-3637-4158-9279-85E5FA5152F0}.Release|Any CPU.ActiveCfg = Release|Any CPU
		{4D0ADA70-3637-4158-9279-85E5FA5152F0}.Release|Any CPU.Build.0 = Release|Any CPU
		{4D0ADA70-3637-4158-9279-85E5FA5152F0}.Release|x64.ActiveCfg = Release|Any CPU
		{4D0ADA70-3637-4158-9279-85E5FA5152F0}.Release|x64.Build.0 = Release|Any CPU
		{4D0ADA70-3637-4158-9279-85E5FA5152F0}.Release|x86.ActiveCfg = Release|Any CPU
		{4D0ADA70-3637-4158-9279-85E5FA5152F0}.Release|x86.Build.0 = Release|Any CPU
		{9E073592-2D91-4E84-A7F3-23D1008537B9}.Debug|Any CPU.ActiveCfg = Debug|Any CPU
		{9E073592-2D91-4E84-A7F3-23D1008537B9}.Debug|Any CPU.Build.0 = Debug|Any CPU
		{9E073592-2D91-4E84-A7F3-23D1008537B9}.Debug|x64.ActiveCfg = Debug|Any CPU
		{9E073592-2D91-4E84-A7F3-23D1008537B9}.Debug|x64.Build.0 = Debug|Any CPU
		{9E073592-2D91-4E84-A7F3-23D1008537B9}.Debug|x86.ActiveCfg = Debug|Any CPU
		{9E073592-2D91-4E84-A7F3-23D1008537B9}.Debug|x86.Build.0 = Debug|Any CPU
		{9E073592-2D91-4E84-A7F3-23D1008537B9}.Release|Any CPU.ActiveCfg = Release|Any CPU
		{9E073592-2D91-4E84-A7F3-23D1008537B9}.Release|Any CPU.Build.0 = Release|Any CPU
		{9E073592-2D91-4E84-A7F3-23D1008537B9}.Release|x64.ActiveCfg = Release|Any CPU
		{9E073592-2D91-4E84-A7F3-23D1008537B9}.Release|x64.Build.0 = Release|Any CPU
		{9E073592-2D91-4E84-A7F3-23D1008537B9}.Release|x86.ActiveCfg = Release|Any CPU
		{9E073592-2D91-4E84-A7F3-23D1008537B9}.Release|x86.Build.0 = Release|Any CPU
		{561540E1-91AD-486E-B2DB-065FF4401474}.Debug|Any CPU.ActiveCfg = Debug|Any CPU
		{561540E1-91AD-486E-B2DB-065FF4401474}.Debug|Any CPU.Build.0 = Debug|Any CPU
		{561540E1-91AD-486E-B2DB-065FF4401474}.Debug|x64.ActiveCfg = Debug|Any CPU
		{561540E1-91AD-486E-B2DB-065FF4401474}.Debug|x64.Build.0 = Debug|Any CPU
		{561540E1-91AD-486E-B2DB-065FF4401474}.Debug|x86.ActiveCfg = Debug|Any CPU
		{561540E1-91AD-486E-B2DB-065FF4401474}.Debug|x86.Build.0 = Debug|Any CPU
		{561540E1-91AD-486E-B2DB-065FF4401474}.Release|Any CPU.ActiveCfg = Release|Any CPU
		{561540E1-91AD-486E-B2DB-065FF4401474}.Release|Any CPU.Build.0 = Release|Any CPU
		{561540E1-91AD-486E-B2DB-065FF4401474}.Release|x64.ActiveCfg = Release|Any CPU
		{561540E1-91AD-486E-B2DB-065FF4401474}.Release|x64.Build.0 = Release|Any CPU
		{561540E1-91AD-486E-B2DB-065FF4401474}.Release|x86.ActiveCfg = Release|Any CPU
		{561540E1-91AD-486E-B2DB-065FF4401474}.Release|x86.Build.0 = Release|Any CPU
		{BB60FE7F-341B-48C8-852D-F6F7A544B6BB}.Debug|Any CPU.ActiveCfg = Debug|Any CPU
		{BB60FE7F-341B-48C8-852D-F6F7A544B6BB}.Debug|Any CPU.Build.0 = Debug|Any CPU
		{BB60FE7F-341B-48C8-852D-F6F7A544B6BB}.Debug|x64.ActiveCfg = Debug|Any CPU
		{BB60FE7F-341B-48C8-852D-F6F7A544B6BB}.Debug|x64.Build.0 = Debug|Any CPU
		{BB60FE7F-341B-48C8-852D-F6F7A544B6BB}.Debug|x86.ActiveCfg = Debug|Any CPU
		{BB60FE7F-341B-48C8-852D-F6F7A544B6BB}.Debug|x86.Build.0 = Debug|Any CPU
		{BB60FE7F-341B-48C8-852D-F6F7A544B6BB}.Release|Any CPU.ActiveCfg = Release|Any CPU
		{BB60FE7F-341B-48C8-852D-F6F7A544B6BB}.Release|Any CPU.Build.0 = Release|Any CPU
		{BB60FE7F-341B-48C8-852D-F6F7A544B6BB}.Release|x64.ActiveCfg = Release|Any CPU
		{BB60FE7F-341B-48C8-852D-F6F7A544B6BB}.Release|x64.Build.0 = Release|Any CPU
		{BB60FE7F-341B-48C8-852D-F6F7A544B6BB}.Release|x86.ActiveCfg = Release|Any CPU
		{BB60FE7F-341B-48C8-852D-F6F7A544B6BB}.Release|x86.Build.0 = Release|Any CPU
		{D3BB7C1D-8FA3-4806-AE04-E596E4F25180}.Debug|Any CPU.ActiveCfg = Debug|Any CPU
		{D3BB7C1D-8FA3-4806-AE04-E596E4F25180}.Debug|Any CPU.Build.0 = Debug|Any CPU
		{D3BB7C1D-8FA3-4806-AE04-E596E4F25180}.Debug|x64.ActiveCfg = Debug|Any CPU
		{D3BB7C1D-8FA3-4806-AE04-E596E4F25180}.Debug|x64.Build.0 = Debug|Any CPU
		{D3BB7C1D-8FA3-4806-AE04-E596E4F25180}.Debug|x86.ActiveCfg = Debug|Any CPU
		{D3BB7C1D-8FA3-4806-AE04-E596E4F25180}.Debug|x86.Build.0 = Debug|Any CPU
		{D3BB7C1D-8FA3-4806-AE04-E596E4F25180}.Release|Any CPU.ActiveCfg = Release|Any CPU
		{D3BB7C1D-8FA3-4806-AE04-E596E4F25180}.Release|Any CPU.Build.0 = Release|Any CPU
		{D3BB7C1D-8FA3-4806-AE04-E596E4F25180}.Release|x64.ActiveCfg = Release|Any CPU
		{D3BB7C1D-8FA3-4806-AE04-E596E4F25180}.Release|x64.Build.0 = Release|Any CPU
		{D3BB7C1D-8FA3-4806-AE04-E596E4F25180}.Release|x86.ActiveCfg = Release|Any CPU
		{D3BB7C1D-8FA3-4806-AE04-E596E4F25180}.Release|x86.Build.0 = Release|Any CPU
	EndGlobalSection
	GlobalSection(NestedProjects) = preSolution
		{DA90DA18-B387-43C8-A9B0-333F352937F4} = {45292F65-9E46-415B-B919-7B7985D31909}
		{8A1DEF3A-AFC2-4E2B-A8BE-29ED729EE0B5} = {45292F65-9E46-415B-B919-7B7985D31909}
		{87DF6B13-0D4F-4DFB-9B35-9915EEC86057} = {45292F65-9E46-415B-B919-7B7985D31909}
		{4D0ADA70-3637-4158-9279-85E5FA5152F0} = {45292F65-9E46-415B-B919-7B7985D31909}
		{9E073592-2D91-4E84-A7F3-23D1008537B9} = {45292F65-9E46-415B-B919-7B7985D31909}
		{561540E1-91AD-486E-B2DB-065FF4401474} = {45292F65-9E46-415B-B919-7B7985D31909}
		{BB60FE7F-341B-48C8-852D-F6F7A544B6BB} = {F26DECD9-634F-48F3-AE13-FEA7029E0C8D}
		{D3BB7C1D-8FA3-4806-AE04-E596E4F25180} = {45292F65-9E46-415B-B919-7B7985D31909}
	EndGlobalSection
EndGlobal
